
Microsoft Visual Studio Solution File, Format Version 12.00
# Visual Studio Version 17
VisualStudioVersion = 17.6.33829.357
MinimumVisualStudioVersion = 10.0.40219.1
Project("{FAE04EC0-301F-11D3-BF4B-00C04F79EFBC}") = "EcomService", "EcomService\EcomService.csproj", "{9F88EF53-6CA6-4EF6-A3DE-E91ECC0FDB02}"
EndProject
Global
	GlobalSection(SolutionConfigurationPlatforms) = preSolution
		Debug|Any CPU = Debug|Any CPU
		Release|Any CPU = Release|Any CPU
	EndGlobalSection
	GlobalSection(ProjectConfigurationPlatforms) = postSolution
		{9F88EF53-6CA6-4EF6-A3DE-E91ECC0FDB02}.Debug|Any CPU.ActiveCfg = Debug|Any CPU
		{9F88EF53-6CA6-4EF6-A3DE-E91ECC0FDB02}.Debug|Any CPU.Build.0 = Debug|Any CPU
		{9F88EF53-6CA6-4EF6-A3DE-E91ECC0FDB02}.Release|Any CPU.ActiveCfg = Release|Any CPU
		{9F88EF53-6CA6-4EF6-A3DE-E91ECC0FDB02}.Release|Any CPU.Build.0 = Release|Any CPU
	EndGlobalSection
	GlobalSection(SolutionProperties) = preSolution
		HideSolutionNode = FALSE
	EndGlobalSection
	GlobalSection(ExtensibilityGlobals) = postSolution
		SolutionGuid = {428CDEFB-774C-4C94-8FBC-A33E48EE9C9F}
	EndGlobalSection
EndGlobal
